
Microsoft Visual Studio Solution File, Format Version 10.00
# Visual Studio 2008
Project("{FAE04EC0-301F-11D3-BF4B-00C04F79EFBC}") = "LamsSharePointIntegration", "LamsSharePointIntegration.csproj", "{AC4E1080-43F1-43A8-B2DC-C81D86803EBB}"
EndProject
Global
	GlobalSection(SolutionConfigurationPlatforms) = preSolution
		Debug|Any CPU = Debug|Any CPU
		Release|Any CPU = Release|Any CPU
	EndGlobalSection
	GlobalSection(ProjectConfigurationPlatforms) = postSolution
		{AC4E1080-43F1-43A8-B2DC-C81D86803EBB}.Debug|Any CPU.ActiveCfg = Debug|Any CPU
		{AC4E1080-43F1-43A8-B2DC-C81D86803EBB}.Debug|Any CPU.Build.0 = Debug|Any CPU
		{AC4E1080-43F1-43A8-B2DC-C81D86803EBB}.Release|Any CPU.ActiveCfg = Release|Any CPU
		{AC4E1080-43F1-43A8-B2DC-C81D86803EBB}.Release|Any CPU.Build.0 = Release|Any CPU
	EndGlobalSection
	GlobalSection(SolutionProperties) = preSolution
		HideSolutionNode = FALSE
	EndGlobalSection
EndGlobal
